{
  "requires": true,
  "lockfileVersion": 1,
  "dependencies": {
    "print-js": {
      "version": "1.6.0",
      "resolved": "https://registry.npmjs.org/print-js/-/print-js-1.6.0.tgz",
      "integrity": "sha512-BfnOIzSKbqGRtO4o0rnj/K3681BSd2QUrsIZy/+WdCIugjIswjmx3lDEZpXB2ruGf9d4b3YNINri81+J0FsBWg=="
    },
    "save-as-js": {
      "version": "1.0.0",
      "resolved": "https://registry.npmjs.org/save-as-js/-/save-as-js-1.0.0.tgz",
      "integrity": "sha512-cBs4Z3r5A5E6go2A1dwtV/sMWHa5oHN0KpaX0CHLcj5e6Ssm/eJdDUKwuMNqt6MiF8FiM5W/UCV2UiGrOsP/eA=="
    }
  }
}
